PODS:
  - feedback_flutter_sdk (0.0.18):
    - Flutter
    - Pisano (~> 1.0.21)
  - Flutter (1.0.0)
  - Pisano (1.0.21)

DEPENDENCIES:
  - feedback_flutter_sdk (from `.symlinks/plugins/feedback_flutter_sdk/ios`)
  - Flutter (from `Flutter`)
  - Pisano (from `https://github.com/Pisano/pisano-ios.git`, tag `1.0.21`)

EXTERNAL SOURCES:
  feedback_flutter_sdk:
    :path: ".symlinks/plugins/feedback_flutter_sdk/ios"
  Flutter:
    :path: Flutter
  Pisano:
    :git: https://github.com/Pisano/pisano-ios.git
    :tag: 1.0.21

CHECKOUT OPTIONS:
  Pisano:
    :git: https://github.com/Pisano/pisano-ios.git
    :tag: 1.0.21

SPEC CHECKSUMS:
  feedback_flutter_sdk: dc48f73665ff226f5d47cb683aca3473d6a4dd79
  Flutter: cabc95a1d2626b1b06e7179b784ebcf0c0cde467
  Pisano: 2032cb1b18bd1acd3aba011660a1c8dd542b626a

PODFILE CHECKSUM: e2a253d7f32b4ca60cb25caea07083353adc81f7

COCOAPODS: 1.16.2
